
Microsoft Visual Studio Solution File, Format Version 12.00
# Visual Studio 15
VisualStudioVersion = 15.0.26228.4
MinimumVisualStudioVersion = 10.0.40219.1
Project("{9A19103F-16F7-4668-BE54-9A1E7A4F7556}") = "CamoDotNet.Core", "src\CamoDotNet.Core\CamoDotNet.Core.csproj", "{A21C940A-B9FD-4429-A006-CEFC1A3AFB55}"
EndProject
Project("{9A19103F-16F7-4668-BE54-9A1E7A4F7556}") = "CamoDotNet", "src\CamoDotNet\CamoDotNet.csproj", "{B838049F-4D0D-4229-AAD6-8667805D5CE8}"
EndProject
Project("{9A19103F-16F7-4668-BE54-9A1E7A4F7556}") = "CamoDotNet.Sample", "src\CamoDotNet.Sample\CamoDotNet.Sample.csproj", "{DC140795-C99E-4ADD-88BB-1702453DAF7E}"
EndProject
Project("{9A19103F-16F7-4668-BE54-9A1E7A4F7556}") = "CamoDotNet.Tests", "tests\CamoDotNet.Tests\CamoDotNet.Tests.csproj", "{3EF5B812-9C88-436C-8DFD-BC33B5F5DAD9}"
EndProject
Project("{2150E333-8FDC-42A3-9474-1A3956D46DE8}") = "_", "_", "{8228B746-A658-471D-A7AD-B3DA16F13863}"
ProjectSection(SolutionItems) = preProject
	Directory.Build.targets = Directory.Build.targets
	global.json = global.json
EndProjectSection
EndProject
Project("{2150E333-8FDC-42A3-9474-1A3956D46DE8}") = "src", "src", "{7A1F3EAD-8EB8-446A-85AF-1958ACF40C76}"
EndProject
Project("{2150E333-8FDC-42A3-9474-1A3956D46DE8}") = "tests", "tests", "{5E2C75FD-F1E9-4CE4-AED4-21957691F09F}"
EndProject
Project("{2150E333-8FDC-42A3-9474-1A3956D46DE8}") = ".config", ".config", "{C4E252F2-5FA6-45BB-B9E6-E9956B6B307F}"
ProjectSection(SolutionItems) = preProject
	.config\dotnet-tools.json = .config\dotnet-tools.json
EndProjectSection
EndProject
Global
	GlobalSection(SolutionConfigurationPlatforms) = preSolution
		Debug|Any CPU = Debug|Any CPU
		Release|Any CPU = Release|Any CPU
	EndGlobalSection
	GlobalSection(ProjectConfigurationPlatforms) = postSolution
		{A21C940A-B9FD-4429-A006-CEFC1A3AFB55}.Debug|Any CPU.ActiveCfg = Debug|Any CPU
		{A21C940A-B9FD-4429-A006-CEFC1A3AFB55}.Debug|Any CPU.Build.0 = Debug|Any CPU
		{A21C940A-B9FD-4429-A006-CEFC1A3AFB55}.Release|Any CPU.ActiveCfg = Release|Any CPU
		{A21C940A-B9FD-4429-A006-CEFC1A3AFB55}.Release|Any CPU.Build.0 = Release|Any CPU
		{B838049F-4D0D-4229-AAD6-8667805D5CE8}.Debug|Any CPU.ActiveCfg = Debug|Any CPU
		{B838049F-4D0D-4229-AAD6-8667805D5CE8}.Debug|Any CPU.Build.0 = Debug|Any CPU
		{B838049F-4D0D-4229-AAD6-8667805D5CE8}.Release|Any CPU.ActiveCfg = Release|Any CPU
		{B838049F-4D0D-4229-AAD6-8667805D5CE8}.Release|Any CPU.Build.0 = Release|Any CPU
		{DC140795-C99E-4ADD-88BB-1702453DAF7E}.Debug|Any CPU.ActiveCfg = Debug|Any CPU
		{DC140795-C99E-4ADD-88BB-1702453DAF7E}.Debug|Any CPU.Build.0 = Debug|Any CPU
		{DC140795-C99E-4ADD-88BB-1702453DAF7E}.Release|Any CPU.ActiveCfg = Release|Any CPU
		{DC140795-C99E-4ADD-88BB-1702453DAF7E}.Release|Any CPU.Build.0 = Release|Any CPU
		{3EF5B812-9C88-436C-8DFD-BC33B5F5DAD9}.Debug|Any CPU.ActiveCfg = Debug|Any CPU
		{3EF5B812-9C88-436C-8DFD-BC33B5F5DAD9}.Debug|Any CPU.Build.0 = Debug|Any CPU
		{3EF5B812-9C88-436C-8DFD-BC33B5F5DAD9}.Release|Any CPU.ActiveCfg = Release|Any CPU
		{3EF5B812-9C88-436C-8DFD-BC33B5F5DAD9}.Release|Any CPU.Build.0 = Release|Any CPU
	EndGlobalSection
	GlobalSection(SolutionProperties) = preSolution
		HideSolutionNode = FALSE
	EndGlobalSection
	GlobalSection(NestedProjects) = preSolution
		{B838049F-4D0D-4229-AAD6-8667805D5CE8} = {7A1F3EAD-8EB8-446A-85AF-1958ACF40C76}
		{A21C940A-B9FD-4429-A006-CEFC1A3AFB55} = {7A1F3EAD-8EB8-446A-85AF-1958ACF40C76}
		{DC140795-C99E-4ADD-88BB-1702453DAF7E} = {7A1F3EAD-8EB8-446A-85AF-1958ACF40C76}
		{3EF5B812-9C88-436C-8DFD-BC33B5F5DAD9} = {5E2C75FD-F1E9-4CE4-AED4-21957691F09F}
		{C4E252F2-5FA6-45BB-B9E6-E9956B6B307F} = {8228B746-A658-471D-A7AD-B3DA16F13863}
	EndGlobalSection
EndGlobal
