
Microsoft Visual Studio Solution File, Format Version 12.00
# Visual Studio 14
VisualStudioVersion = 14.0.25420.1
MinimumVisualStudioVersion = 10.0.40219.1
Project("{8BB2217D-0F2D-49D1-97BC-3654ED321F3B}") = "CamoDotNet.Core", "CamoDotNet.Core\CamoDotNet.Core.xproj", "{A21C940A-B9FD-4429-A006-CEFC1A3AFB55}"
EndProject
Project("{8BB2217D-0F2D-49D1-97BC-3654ED321F3B}") = "CamoDotNet", "CamoDotNet\CamoDotNet.xproj", "{B838049F-4D0D-4229-AAD6-8667805D5CE8}"
EndProject
Project("{8BB2217D-0F2D-49D1-97BC-3654ED321F3B}") = "CamoDotNet.Sample", "CamoDotNet.Sample\CamoDotNet.Sample.xproj", "{DC140795-C99E-4ADD-88BB-1702453DAF7E}"
EndProject
Project("{8BB2217D-0F2D-49D1-97BC-3654ED321F3B}") = "CamoDotNet.Tests", "CamoDotNet.Tests\CamoDotNet.Tests.xproj", "{3EF5B812-9C88-436C-8DFD-BC33B5F5DAD9}"
EndProject
Global
	GlobalSection(SolutionConfigurationPlatforms) = preSolution
		Debug|Any CPU = Debug|Any CPU
		Release|Any CPU = Release|Any CPU
	EndGlobalSection
	GlobalSection(ProjectConfigurationPlatforms) = postSolution
		{A21C940A-B9FD-4429-A006-CEFC1A3AFB55}.Debug|Any CPU.ActiveCfg = Debug|Any CPU
		{A21C940A-B9FD-4429-A006-CEFC1A3AFB55}.Debug|Any CPU.Build.0 = Debug|Any CPU
		{A21C940A-B9FD-4429-A006-CEFC1A3AFB55}.Release|Any CPU.ActiveCfg = Release|Any CPU
		{A21C940A-B9FD-4429-A006-CEFC1A3AFB55}.Release|Any CPU.Build.0 = Release|Any CPU
		{B838049F-4D0D-4229-AAD6-8667805D5CE8}.Debug|Any CPU.ActiveCfg = Debug|Any CPU
		{B838049F-4D0D-4229-AAD6-8667805D5CE8}.Debug|Any CPU.Build.0 = Debug|Any CPU
		{B838049F-4D0D-4229-AAD6-8667805D5CE8}.Release|Any CPU.ActiveCfg = Release|Any CPU
		{B838049F-4D0D-4229-AAD6-8667805D5CE8}.Release|Any CPU.Build.0 = Release|Any CPU
		{DC140795-C99E-4ADD-88BB-1702453DAF7E}.Debug|Any CPU.ActiveCfg = Debug|Any CPU
		{DC140795-C99E-4ADD-88BB-1702453DAF7E}.Debug|Any CPU.Build.0 = Debug|Any CPU
		{DC140795-C99E-4ADD-88BB-1702453DAF7E}.Release|Any CPU.ActiveCfg = Release|Any CPU
		{DC140795-C99E-4ADD-88BB-1702453DAF7E}.Release|Any CPU.Build.0 = Release|Any CPU
		{3EF5B812-9C88-436C-8DFD-BC33B5F5DAD9}.Debug|Any CPU.ActiveCfg = Debug|Any CPU
		{3EF5B812-9C88-436C-8DFD-BC33B5F5DAD9}.Debug|Any CPU.Build.0 = Debug|Any CPU
		{3EF5B812-9C88-436C-8DFD-BC33B5F5DAD9}.Release|Any CPU.ActiveCfg = Release|Any CPU
		{3EF5B812-9C88-436C-8DFD-BC33B5F5DAD9}.Release|Any CPU.Build.0 = Release|Any CPU
	EndGlobalSection
	GlobalSection(SolutionProperties) = preSolution
		HideSolutionNode = FALSE
	EndGlobalSection
EndGlobal
